
Microsoft Visual Studio Solution File, Format Version 10.00
# Visual C# Express 2008
Project("{FAE04EC0-301F-11D3-BF4B-00C04F79EFBC}") = "SDTest", "SDTest\SDTest.csproj", "{B57B2582-021F-478F-B28C-403E48C54DAF}"
EndProject
Global
	GlobalSection(SolutionConfigurationPlatforms) = preSolution
		Debug|Any CPU = Debug|Any CPU
		Release|Any CPU = Release|Any CPU
	EndGlobalSection
	GlobalSection(ProjectConfigurationPlatforms) = postSolution
		{B57B2582-021F-478F-B28C-403E48C54DAF}.Debug|Any CPU.ActiveCfg = Debug|Any CPU
		{B57B2582-021F-478F-B28C-403E48C54DAF}.Debug|Any CPU.Build.0 = Debug|Any CPU
		{B57B2582-021F-478F-B28C-403E48C54DAF}.Release|Any CPU.ActiveCfg = Release|Any CPU
		{B57B2582-021F-478F-B28C-403E48C54DAF}.Release|Any CPU.Build.0 = Release|Any CPU
	EndGlobalSection
	GlobalSection(SolutionProperties) = preSolution
		HideSolutionNode = FALSE
	EndGlobalSection
EndGlobal
