
Microsoft Visual Studio Solution File, Format Version 10.00
# Visual C# Express 2008
Project("{FAE04EC0-301F-11D3-BF4B-00C04F79EFBC}") = "HueTest", "HueTest\HueTest.csproj", "{1EF892EE-938B-4B2E-AE84-E18F67E06CF7}"
EndProject
Global
	GlobalSection(SolutionConfigurationPlatforms) = preSolution
		Debug|Any CPU = Debug|Any CPU
		Release|Any CPU = Release|Any CPU
	EndGlobalSection
	GlobalSection(ProjectConfigurationPlatforms) = postSolution
		{1EF892EE-938B-4B2E-AE84-E18F67E06CF7}.Debug|Any CPU.ActiveCfg = Debug|Any CPU
		{1EF892EE-938B-4B2E-AE84-E18F67E06CF7}.Debug|Any CPU.Build.0 = Debug|Any CPU
		{1EF892EE-938B-4B2E-AE84-E18F67E06CF7}.Release|Any CPU.ActiveCfg = Release|Any CPU
		{1EF892EE-938B-4B2E-AE84-E18F67E06CF7}.Release|Any CPU.Build.0 = Release|Any CPU
	EndGlobalSection
	GlobalSection(SolutionProperties) = preSolution
		HideSolutionNode = FALSE
	EndGlobalSection
EndGlobal
